github.com/bigkevmcd/go-configparser v0.0.0-20240624060122-ccd05f93a9d2 h1:2qnRmzKO1fVs2UOqyt6tRMpVB8FrOnx8IG8C2lK0cjU=
github.com/bigkevmcd/go-configparser v0.0.0-20240624060122-ccd05f93a9d2/go.mod h1:vzEQfW+A1T+AMJmTIX+SXNLNECHOM7GEinHhw0IjykI=
github.com/go-errors/errors v1.5.1 h1:ZwEMSLRCapFLflTpT7NKaAc7ukJ8ZPEjzlxt8rPN8bk=
github.com/go-errors/errors v1.5.1/go.mod h1:sIVyrIiJhuEF+Pj9Ebtd6P/rEYROXFi3BopGUQ5a5Og=
